Microsoft Visual Studio Solution File, Format Version 12.00
# Visual Studio Version 17
VisualStudioVersion = 17.5.2.0
MinimumVisualStudioVersion = 10.0.40219.1
Project("{FAE04EC0-301F-11D3-BF4B-00C04F79EFBC}") = "CSharpEssencial", "CSharpEssencial.csproj", "{E9F22EDA-C3FC-4529-6FDC-DE5B7559ED3C}"
EndProject
Global
	GlobalSection(SolutionConfigurationPlatforms) = preSolution
		Debug|Any CPU = Debug|Any CPU
		Release|Any CPU = Release|Any CPU
	EndGlobalSection
	GlobalSection(ProjectConfigurationPlatforms) = postSolution
		{E9F22EDA-C3FC-4529-6FDC-DE5B7559ED3C}.Debug|Any CPU.ActiveCfg = Debug|Any CPU
		{E9F22EDA-C3FC-4529-6FDC-DE5B7559ED3C}.Debug|Any CPU.Build.0 = Debug|Any CPU
		{E9F22EDA-C3FC-4529-6FDC-DE5B7559ED3C}.Release|Any CPU.ActiveCfg = Release|Any CPU
		{E9F22EDA-C3FC-4529-6FDC-DE5B7559ED3C}.Release|Any CPU.Build.0 = Release|Any CPU
	EndGlobalSection
	GlobalSection(SolutionProperties) = preSolution
		HideSolutionNode = FALSE
	EndGlobalSection
	GlobalSection(ExtensibilityGlobals) = postSolution
		SolutionGuid = {012ED2DA-B4D2-41B3-9AB1-7AD8FC7423D1}
	EndGlobalSection
EndGlobal
